
Microsoft Visual Studio Solution File, Format Version 12.00
# Visual Studio Version 17
VisualStudioVersion = 17.10.34916.146
MinimumVisualStudioVersion = 10.0.40219.1
Project("{FAE04EC0-301F-11D3-BF4B-00C04F79EFBC}") = "GAguirreS5", "GAguirreS5.csproj", "{3621BAE3-08D2-410B-BD62-7AE7AF1227AA}"
EndProject
Global
	GlobalSection(SolutionConfigurationPlatforms) = preSolution
		Debug|Any CPU = Debug|Any CPU
		Release|Any CPU = Release|Any CPU
	EndGlobalSection
	GlobalSection(ProjectConfigurationPlatforms) = postSolution
		{3621BAE3-08D2-410B-BD62-7AE7AF1227AA}.Debug|Any CPU.ActiveCfg = Debug|Any CPU
		{3621BAE3-08D2-410B-BD62-7AE7AF1227AA}.Debug|Any CPU.Build.0 = Debug|Any CPU
		{3621BAE3-08D2-410B-BD62-7AE7AF1227AA}.Debug|Any CPU.Deploy.0 = Debug|Any CPU
		{3621BAE3-08D2-410B-BD62-7AE7AF1227AA}.Release|Any CPU.ActiveCfg = Release|Any CPU
		{3621BAE3-08D2-410B-BD62-7AE7AF1227AA}.Release|Any CPU.Build.0 = Release|Any CPU
		{3621BAE3-08D2-410B-BD62-7AE7AF1227AA}.Release|Any CPU.Deploy.0 = Release|Any CPU
	EndGlobalSection
	GlobalSection(SolutionProperties) = preSolution
		HideSolutionNode = FALSE
	EndGlobalSection
	GlobalSection(ExtensibilityGlobals) = postSolution
		SolutionGuid = {72B5590D-4C59-42EC-85D6-1E0580B69CE0}
	EndGlobalSection
EndGlobal
